version = 1
revision = 3
requires-python = ">=3.13"

[[package]]
name = "affine"
version = "2.4.0"
source = { registry = "https://pypi.org/simple" }
sdist = { url = "https://files.pythonhosted.org/packages/69/98/d2f0bb06385069e799fc7d2870d9e078cfa0fa396dc8a2b81227d0da08b9/affine-2.4.0.tar.gz", hash = "sha256:a24d818d6a836c131976d22f8c27b8d3ca32d0af64c1d8d29deb7bafa4da1eea", size = 17132, upload-time = "2023-01-19T23:44:30.696Z" }
wheels = [
    { url = "https://files.pythonhosted.org/packages/0b/f7/85273299ab57117850cc0a936c64151171fac4da49bc6fba0dad984a7c5f/affine-2.4.0-py3-none-any.whl", hash = "sha256:8a3df80e2b2378aef598a83c1392efd47967afec4242021a0b06b4c7cbc61a92", size = 15662, upload-time = "2023-01-19T23:44:28.833Z" },
]

[[package]]
name = "attrs"
version = "26.1.0"
source = { registry = "https://pypi.org/simple" }
sdist = { url = "https://files.pythonhosted.org/packages/9a/8e/82a0fe20a541c03148528be8cac2408564a6c9a0cc7e9171802bc1d26985/attrs-26.1.0.tar.gz", hash = "sha256:d03ceb89cb322a8fd706d4fb91940737b6642aa36998fe130a9bc96c985eff32", size = 952055, upload-time = "2026-03-19T14:22:25.026Z" }
wheels = [
    { url = "https://files.pythonhosted.org/packages/64/b4/17d4b0b2a2dc85a6df63d1157e028ed19f90d4cd97c36717afef2bc2f395/attrs-26.1.0-py3-none-any.whl", hash = "sha256:c647aa4a12dfbad9333ca4e71fe62ddc36f4e63b2d260a37a8b83d2f043ac309", size = 67548, upload-time = "2026-03-19T14:22:23.645Z" },
]

[[package]]
name = "autoates-v2-0"
version = "0.1.0"
source = { virtual = "." }
dependencies = [
    { name = "gdal" },
    { name = "numpy" },
    { name = "rasterio" },
]

[package.metadata]
requires-dist = [
    { name = "gdal", specifier = "==3.10.3" },
    { name = "numpy", specifier = ">=2.4.4" },
    { name = "rasterio", specifier = ">=1.5.0" },
]

[[package]]
name = "certifi"
version = "2026.2.25"
source = { registry = "https://pypi.org/simple" }
sdist = { url = "https://files.pythonhosted.org/packages/af/2d/7bf41579a8986e348fa033a31cdd0e4121114f6bce2457e8876010b092dd/certifi-2026.2.25.tar.gz", hash = "sha256:e887ab5cee78ea814d3472169153c2d12cd43b14bd03329a39a9c6e2e80bfba7", size = 155029, upload-time = "2026-02-25T02:54:17.342Z" }
wheels = [
    { url = "https://files.pythonhosted.org/packages/9a/3c/c17fb3ca2d9c3acff52e30b309f538586f9f5b9c9cf454f3845fc9af4881/certifi-2026.2.25-py3-none-any.whl", hash = "sha256:027692e4402ad994f1c42e52a4997a9763c646b73e4096e4d5d6db8af1d6f0fa", size = 153684, upload-time = "2026-02-25T02:54:15.766Z" },
]

[[package]]
name = "click"
version = "8.3.2"
source = { registry = "https://pypi.org/simple" }
dependencies = [
    { name = "colorama", marker = "sys_platform == 'win32'" },
]
sdist = { url = "https://files.pythonhosted.org/packages/57/75/31212c6bf2503fdf920d87fee5d7a86a2e3bcf444984126f13d8e4016804/click-8.3.2.tar.gz", hash = "sha256:14162b8b3b3550a7d479eafa77dfd3c38d9dc8951f6f69c78913a8f9a7540fd5", size = 302856, upload-time = "2026-04-03T19:14:45.118Z" }
wheels = [
    { url = "https://files.pythonhosted.org/packages/e4/20/71885d8b97d4f3dde17b1fdb92dbd4908b00541c5a3379787137285f602e/click-8.3.2-py3-none-any.whl", hash = "sha256:1924d2c27c5653561cd2cae4548d1406039cb79b858b747cfea24924bbc1616d", size = 108379, upload-time = "2026-04-03T19:14:43.505Z" },
]

[[package]]
name = "cligj"
version = "0.7.2"
source = { registry = "https://pypi.org/simple" }
dependencies = [
    { name = "click" },
]
sdist = { url = "https://files.pythonhosted.org/packages/ea/0d/837dbd5d8430fd0f01ed72c4cfb2f548180f4c68c635df84ce87956cff32/cligj-0.7.2.tar.gz", hash = "sha256:a4bc13d623356b373c2c27c53dbd9c68cae5d526270bfa71f6c6fa69669c6b27", size = 9803, upload-time = "2021-05-28T21:23:27.935Z" }
wheels = [
    { url = "https://files.pythonhosted.org/packages/73/86/43fa9f15c5b9fb6e82620428827cd3c284aa933431405d1bcf5231ae3d3e/cligj-0.7.2-py3-none-any.whl", hash = "sha256:c1ca117dbce1fe20a5809dc96f01e1c2840f6dcc939b3ddbb1111bf330ba82df", size = 7069, upload-time = "2021-05-28T21:23:26.877Z" },
]

[[package]]
name = "colorama"
version = "0.4.6"
source = { registry = "https://pypi.org/simple" }
sdist = { url = "https://files.pythonhosted.org/packages/d8/53/6f443c9a4a8358a93a6792e2acffb9d9d5cb0a5cfd8802644b7b1c9a02e4/colorama-0.4.6.tar.gz", hash = "sha256:08695f5cb7ed6e0531a20572697297273c47b8cae5a63ffc6d6ed5c201be6e44", size = 27697, upload-time = "2022-10-25T02:36:22.414Z" }
wheels = [
    { url = "https://files.pythonhosted.org/packages/d1/d6/3965ed04c63042e047cb6a3e6ed1a63a35087b6a609aa3a15ed8ac56c221/colorama-0.4.6-py2.py3-none-any.whl", hash = "sha256:4f1d9991f5acc0ca119f9d443620b77f9d6b33703e51011c16baf57afb285fc6", size = 25335, upload-time = "2022-10-25T02:36:20.889Z" },
]

[[package]]
name = "gdal"
version = "3.10.3"
source = { registry = "https://pypi.org/simple" }
sdist = { url = "https://files.pythonhosted.org/packages/06/f9/a9a9496c8dc558c4c16a0c53283501fe3098b26536d5f475d378c8ed3437/gdal-3.10.3.tar.gz", hash = "sha256:b5550650daeeae8e41091581d9aea7d75a9f15b0ebbeb8c96e37458fa02264cd", size = 838170, upload-time = "2025-04-07T09:57:20.729Z" }

[[package]]
name = "numpy"
version = "2.4.4"
source = { registry = "https://pypi.org/simple" }
sdist = { url = "https://files.pythonhosted.org/packages/d7/9f/b8cef5bffa569759033adda9481211426f12f53299629b410340795c2514/numpy-2.4.4.tar.gz", hash = "sha256:2d390634c5182175533585cc89f3608a4682ccb173cc9bb940b2881c8d6f8fa0", size = 20731587, upload-time = "2026-03-29T13:22:01.298Z" }
wheels = [
    { url = "https://files.pythonhosted.org/packages/14/1d/d0a583ce4fefcc3308806a749a536c201ed6b5ad6e1322e227ee4848979d/numpy-2.4.4-cp313-cp313-macosx_10_13_x86_64.whl", hash = "sha256:08f2e31ed5e6f04b118e49821397f12767934cfdd12a1ce86a058f91e004ee50", size = 16684933, upload-time = "2026-03-29T13:19:22.47Z" },
    { url = "https://files.pythonhosted.org/packages/c1/62/2b7a48fbb745d344742c0277f01286dead15f3f68e4f359fbfcf7b48f70f/numpy-2.4.4-cp313-cp313-macosx_11_0_arm64.whl", hash = "sha256:e823b8b6edc81e747526f70f71a9c0a07ac4e7ad13020aa736bb7c9d67196115", size = 14694532, upload-time = "2026-03-29T13:19:25.581Z" },
    { url = "https://files.pythonhosted.org/packages/e5/87/499737bfba066b4a3bebff24a8f1c5b2dee410b209bc6668c9be692580f0/numpy-2.4.4-cp313-cp313-macosx_14_0_arm64.whl", hash = "sha256:4a19d9dba1a76618dd86b164d608566f393f8ec6ac7c44f0cc879011c45e65af", size = 5199661, upload-time = "2026-03-29T13:19:28.31Z" },
    { url = "https://files.pythonhosted.org/packages/cd/da/464d551604320d1491bc345efed99b4b7034143a85787aab78d5691d5a0e/numpy-2.4.4-cp313-cp313-macosx_14_0_x86_64.whl", hash = "sha256:d2a8490669bfe99a233298348acc2d824d496dee0e66e31b66a6022c2ad74a5c", size = 6547539, upload-time = "2026-03-29T13:19:30.97Z" },
    { url = "https://files.pythonhosted.org/packages/7d/90/8d23e3b0dafd024bf31bdec225b3bb5c2dbfa6912f8a53b8659f21216cbf/numpy-2.4.4-cp313-cp313-manylinux_2_27_aarch64.manylinux_2_28_aarch64.whl", hash = "sha256:45dbed2ab436a9e826e302fcdcbe9133f9b0006e5af7168afb8963a6520da103", size = 15668806, upload-time = "2026-03-29T13:19:33.887Z" },
    { url = "https://files.pythonhosted.org/packages/d1/73/a9d864e42a01896bb5974475438f16086be9ba1f0d19d0bb7a07427c4a8b/numpy-2.4.4-cp313-cp313-manylinux_2_27_x86_64.manylinux_2_28_x86_64.whl", hash = "sha256:c901b15172510173f5cb310eae652908340f8dede90fff9e3bf6c0d8dfd92f83", size = 16632682, upload-time = "2026-03-29T13:19:37.336Z" },
    { url = "https://files.pythonhosted.org/packages/34/fb/14570d65c3bde4e202a031210475ae9cde9b7686a2e7dc97ee67d2833b35/numpy-2.4.4-cp313-cp313-musllinux_1_2_aarch64.whl", hash = "sha256:99d838547ace2c4aace6c4f76e879ddfe02bb58a80c1549928477862b7a6d6ed", size = 17019810, upload-time = "2026-03-29T13:19:40.963Z" },
    { url = "https://files.pythonhosted.org/packages/8a/77/2ba9d87081fd41f6d640c83f26fb7351e536b7ce6dd9061b6af5904e8e46/numpy-2.4.4-cp313-cp313-musllinux_1_2_x86_64.whl", hash = "sha256:0aec54fd785890ecca25a6003fd9a5aed47ad607bbac5cd64f836ad8666f4959", size = 18357394, upload-time = "2026-03-29T13:19:44.859Z" },
    { url = "https://files.pythonhosted.org/packages/a2/23/52666c9a41708b0853fa3b1a12c90da38c507a3074883823126d4e9d5b30/numpy-2.4.4-cp313-cp313-win32.whl", hash = "sha256:07077278157d02f65c43b1b26a3886bce886f95d20aabd11f87932750dfb14ed", size = 5959556, upload-time = "2026-03-29T13:19:47.661Z" },
    { url = "https://files.pythonhosted.org/packages/57/fb/48649b4971cde70d817cf97a2a2fdc0b4d8308569f1dd2f2611959d2e0cf/numpy-2.4.4-cp313-cp313-win_amd64.whl", hash = "sha256:5c70f1cc1c4efbe316a572e2d8b9b9cc44e89b95f79ca3331553fbb63716e2bf", size = 12317311, upload-time = "2026-03-29T13:19:50.67Z" },
    { url = "https://files.pythonhosted.org/packages/ba/d8/11490cddd564eb4de97b4579ef6bfe6a736cc07e94c1598590ae25415e01/numpy-2.4.4-cp313-cp313-win_arm64.whl", hash = "sha256:ef4059d6e5152fa1a39f888e344c73fdc926e1b2dd58c771d67b0acfbf2aa67d", size = 10222060, upload-time = "2026-03-29T13:19:54.229Z" },
    { url = "https://files.pythonhosted.org/packages/99/5d/dab4339177a905aad3e2221c915b35202f1ec30d750dd2e5e9d9a72b804b/numpy-2.4.4-cp313-cp313t-macosx_11_0_arm64.whl", hash = "sha256:4bbc7f303d125971f60ec0aaad5e12c62d0d2c925f0ab1273debd0e4ba37aba5", size = 14822302, upload-time = "2026-03-29T13:19:57.585Z" },
    { url = "https://files.pythonhosted.org/packages/eb/e4/0564a65e7d3d97562ed6f9b0fd0fb0a6f559ee444092f105938b50043876/numpy-2.4.4-cp313-cp313t-macosx_14_0_arm64.whl", hash = "sha256:4d6d57903571f86180eb98f8f0c839fa9ebbfb031356d87f1361be91e433f5b7", size = 5327407, upload-time = "2026-03-29T13:20:00.601Z" },
    { url = "https://files.pythonhosted.org/packages/29/8d/35a3a6ce5ad371afa58b4700f1c820f8f279948cca32524e0a695b0ded83/numpy-2.4.4-cp313-cp313t-macosx_14_0_x86_64.whl", hash = "sha256:4636de7fd195197b7535f231b5de9e4b36d2c440b6e566d2e4e4746e6af0ca93", size = 6647631, upload-time = "2026-03-29T13:20:02.855Z" },
    { url = "https://files.pythonhosted.org/packages/f4/da/477731acbd5a58a946c736edfdabb2ac5b34c3d08d1ba1a7b437fa0884df/numpy-2.4.4-cp313-cp313t-manylinux_2_27_aarch64.manylinux_2_28_aarch64.whl", hash = "sha256:ad2e2ef14e0b04e544ea2fa0a36463f847f113d314aa02e5b402fdf910ef309e", size = 15727691, upload-time = "2026-03-29T13:20:06.004Z" },
    { url = "https://files.pythonhosted.org/packages/e6/db/338535d9b152beabeb511579598418ba0212ce77cf9718edd70262cc4370/numpy-2.4.4-cp313-cp313t-manylinux_2_27_x86_64.manylinux_2_28_x86_64.whl", hash = "sha256:5a285b3b96f951841799528cd1f4f01cd70e7e0204b4abebac9463eecfcf2a40", size = 16681241, upload-time = "2026-03-29T13:20:09.417Z" },
    { url = "https://files.pythonhosted.org/packages/e2/a9/ad248e8f58beb7a0219b413c9c7d8151c5d285f7f946c3e26695bdbbe2df/numpy-2.4.4-cp313-cp313t-musllinux_1_2_aarch64.whl", hash = "sha256:f8474c4241bc18b750be2abea9d7a9ec84f46ef861dbacf86a4f6e043401f79e", size = 17085767, upload-time = "2026-03-29T13:20:13.126Z" },
    { url = "https://files.pythonhosted.org/packages/b5/1a/3b88ccd3694681356f70da841630e4725a7264d6a885c8d442a697e1146b/numpy-2.4.4-cp313-cp313t-musllinux_1_2_x86_64.whl", hash = "sha256:4e874c976154687c1f71715b034739b45c7711bec81db01914770373d125e392", size = 18403169, upload-time = "2026-03-29T13:20:17.096Z" },
    { url = "https://files.pythonhosted.org/packages/c2/c9/fcfd5d0639222c6eac7f304829b04892ef51c96a75d479214d77e3ce6e33/numpy-2.4.4-cp313-cp313t-win32.whl", hash = "sha256:9c585a1790d5436a5374bac930dad6ed244c046ed91b2b2a3634eb2971d21008", size = 6083477, upload-time = "2026-03-29T13:20:20.195Z" },
    { url = "https://files.pythonhosted.org/packages/d5/e3/3938a61d1c538aaec8ed6fd6323f57b0c2d2d2219512434c5c878db76553/numpy-2.4.4-cp313-cp313t-win_amd64.whl", hash = "sha256:93e15038125dc1e5345d9b5b68aa7f996ec33b98118d18c6ca0d0b7d6198b7e8", size = 12457487, upload-time = "2026-03-29T13:20:22.946Z" },
    { url = "https://files.pythonhosted.org/packages/97/6a/7e345032cc60501721ef94e0e30b60f6b0bd601f9174ebd36389a2b86d40/numpy-2.4.4-cp313-cp313t-win_arm64.whl", hash = "sha256:0dfd3f9d3adbe2920b68b5cd3d51444e13a10792ec7154cd0a2f6e74d4ab3233", size = 10292002, upload-time = "2026-03-29T13:20:25.909Z" },
    { url = "https://files.pythonhosted.org/packages/6e/06/c54062f85f673dd5c04cbe2f14c3acb8c8b95e3384869bb8cc9bff8cb9df/numpy-2.4.4-cp314-cp314-macosx_10_15_x86_64.whl", hash = "sha256:f169b9a863d34f5d11b8698ead99febeaa17a13ca044961aa8e2662a6c7766a0", size = 16684353, upload-time = "2026-03-29T13:20:29.504Z" },
    { url = "https://files.pythonhosted.org/packages/4c/39/8a320264a84404c74cc7e79715de85d6130fa07a0898f67fb5cd5bd79908/numpy-2.4.4-cp314-cp314-macosx_11_0_arm64.whl", hash = "sha256:2483e4584a1cb3092da4470b38866634bafb223cbcd551ee047633fd2584599a", size = 14704914, upload-time = "2026-03-29T13:20:33.547Z" },
    { url = "https://files.pythonhosted.org/packages/91/fb/287076b2614e1d1044235f50f03748f31fa287e3dbe6abeb35cdfa351eca/numpy-2.4.4-cp314-cp314-macosx_14_0_arm64.whl", hash = "sha256:2d19e6e2095506d1736b7d80595e0f252d76b89f5e715c35e06e937679ea7d7a", size = 5210005, upload-time = "2026-03-29T13:20:36.45Z" },
    { url = "https://files.pythonhosted.org/packages/63/eb/fcc338595309910de6ecabfcef2419a9ce24399680bfb149421fa2df1280/numpy-2.4.4-cp314-cp314-macosx_14_0_x86_64.whl", hash = "sha256:6a246d5914aa1c820c9443ddcee9c02bec3e203b0c080349533fae17727dfd1b", size = 6544974, upload-time = "2026-03-29T13:20:39.014Z" },
    { url = "https://files.pythonhosted.org/packages/44/5d/e7e9044032a716cdfaa3fba27a8e874bf1c5f1912a1ddd4ed071bf8a14a6/numpy-2.4.4-cp314-cp314-manylinux_2_27_aarch64.manylinux_2_28_aarch64.whl", hash = "sha256:989824e9faf85f96ec9c7761cd8d29c531ad857bfa1daa930cba85baaecf1a9a", size = 15684591, upload-time = "2026-03-29T13:20:42.146Z" },
    { url = "https://files.pythonhosted.org/packages/98/7c/21252050676612625449b4807d6b695b9ce8a7c9e1c197ee6216c8a65c7c/numpy-2.4.4-cp314-cp314-manylinux_2_27_x86_64.manylinux_2_28_x86_64.whl", hash = "sha256:27a8d92cd10f1382a67d7cf4db7ce18341b66438bdd9f691d7b0e48d104c2a9d", size = 16637700, upload-time = "2026-03-29T13:20:46.204Z" },
    { url = "https://files.pythonhosted.org/packages/b1/29/56d2bbef9465db24ef25393383d761a1af4f446a1df9b8cded4fe3a5a5d7/numpy-2.4.4-cp314-cp314-musllinux_1_2_aarch64.whl", hash = "sha256:e44319a2953c738205bf3354537979eaa3998ed673395b964c1176083dd46252", size = 17035781, upload-time = "2026-03-29T13:20:50.242Z" },
    { url = "https://files.pythonhosted.org/packages/e3/2b/a35a6d7589d21f44cea7d0a98de5ddcbb3d421b2622a5c96b1edf18707c3/numpy-2.4.4-cp314-cp314-musllinux_1_2_x86_64.whl", hash = "sha256:e892aff75639bbef0d2a2cfd55535510df26ff92f63c92cd84ef8d4ba5a5557f", size = 18362959, upload-time = "2026-03-29T13:20:54.019Z" },
    { url = "https://files.pythonhosted.org/packages/64/c9/d52ec581f2390e0f5f85cbfd80fb83d965fc15e9f0e1aec2195faa142cde/numpy-2.4.4-cp314-cp314-win32.whl", hash = "sha256:1378871da56ca8943c2ba674530924bb8ca40cd228358a3b5f302ad60cf875fc", size = 6008768, upload-time = "2026-03-29T13:20:56.912Z" },
    { url = "https://files.pythonhosted.org/packages/fa/22/4cc31a62a6c7b74a8730e31a4274c5dc80e005751e277a2ce38e675e4923/numpy-2.4.4-cp314-cp314-win_amd64.whl", hash = "sha256:715d1c092715954784bc79e1174fc2a90093dc4dc84ea15eb14dad8abdcdeb74", size = 12449181, upload-time = "2026-03-29T13:20:59.548Z" },
    { url = "https://files.pythonhosted.org/packages/70/2e/14cda6f4d8e396c612d1bf97f22958e92148801d7e4f110cabebdc0eef4b/numpy-2.4.4-cp314-cp314-win_arm64.whl", hash = "sha256:2c194dd721e54ecad9ad387c1d35e63dce5c4450c6dc7dd5611283dda239aabb", size = 10496035, upload-time = "2026-03-29T13:21:02.524Z" },
    { url = "https://files.pythonhosted.org/packages/b1/e8/8fed8c8d848d7ecea092dc3469643f9d10bc3a134a815a3b033da1d2039b/numpy-2.4.4-cp314-cp314t-macosx_11_0_arm64.whl", hash = "sha256:2aa0613a5177c264ff5921051a5719d20095ea586ca88cc802c5c218d1c67d3e", size = 14824958, upload-time = "2026-03-29T13:21:05.671Z" },
    { url = "https://files.pythonhosted.org/packages/05/1a/d8007a5138c179c2bf33ef44503e83d70434d2642877ee8fbb230e7c0548/numpy-2.4.4-cp314-cp314t-macosx_14_0_arm64.whl", hash = "sha256:42c16925aa5a02362f986765f9ebabf20de75cdefdca827d14315c568dcab113", size = 5330020, upload-time = "2026-03-29T13:21:08.635Z" },
    { url = "https://files.pythonhosted.org/packages/99/64/ffb99ac6ae93faf117bcbd5c7ba48a7f45364a33e8e458545d3633615dda/numpy-2.4.4-cp314-cp314t-macosx_14_0_x86_64.whl", hash = "sha256:874f200b2a981c647340f841730fc3a2b54c9d940566a3c4149099591e2c4c3d", size = 6650758, upload-time = "2026-03-29T13:21:10.949Z" },
    { url = "https://files.pythonhosted.org/packages/6e/6e/795cc078b78a384052e73b2f6281ff7a700e9bf53bcce2ee579d4f6dd879/numpy-2.4.4-cp314-cp314t-manylinux_2_27_aarch64.manylinux_2_28_aarch64.whl", hash = "sha256:c9b39d38a9bd2ae1becd7eac1303d031c5c110ad31f2b319c6e7d98b135c934d", size = 15729948, upload-time = "2026-03-29T13:21:14.047Z" },
    { url = "https://files.pythonhosted.org/packages/5f/86/2acbda8cc2af5f3d7bfc791192863b9e3e19674da7b5e533fded124d1299/numpy-2.4.4-cp314-cp314t-manylinux_2_27_x86_64.manylinux_2_28_x86_64.whl", hash = "sha256:b268594bccac7d7cf5844c7732e3f20c50921d94e36d7ec9b79e9857694b1b2f", size = 16679325, upload-time = "2026-03-29T13:21:17.561Z" },
    { url = "https://files.pythonhosted.org/packages/bc/59/cafd83018f4aa55e0ac6fa92aa066c0a1877b77a615ceff1711c260ffae8/numpy-2.4.4-cp314-cp314t-musllinux_1_2_aarch64.whl", hash = "sha256:ac6b31e35612a26483e20750126d30d0941f949426974cace8e6b5c58a3657b0", size = 17084883, upload-time = "2026-03-29T13:21:21.106Z" },
    { url = "https://files.pythonhosted.org/packages/f0/85/a42548db84e65ece46ab2caea3d3f78b416a47af387fcbb47ec28e660dc2/numpy-2.4.4-cp314-cp314t-musllinux_1_2_x86_64.whl", hash = "sha256:8e3ed142f2728df44263aaf5fb1f5b0b99f4070c553a0d7f033be65338329150", size = 18403474, upload-time = "2026-03-29T13:21:24.828Z" },
    { url = "https://files.pythonhosted.org/packages/ed/ad/483d9e262f4b831000062e5d8a45e342166ec8aaa1195264982bca267e62/numpy-2.4.4-cp314-cp314t-win32.whl", hash = "sha256:dddbbd259598d7240b18c9d87c56a9d2fb3b02fe266f49a7c101532e78c1d871", size = 6155500, upload-time = "2026-03-29T13:21:28.205Z" },
    { url = "https://files.pythonhosted.org/packages/c7/03/2fc4e14c7bd4ff2964b74ba90ecb8552540b6315f201df70f137faa5c589/numpy-2.4.4-cp314-cp314t-win_amd64.whl", hash = "sha256:a7164afb23be6e37ad90b2f10426149fd75aee07ca55653d2aa41e66c4ef697e", size = 12637755, upload-time = "2026-03-29T13:21:31.107Z" },
    { url = "https://files.pythonhosted.org/packages/58/78/548fb8e07b1a341746bfbecb32f2c268470f45fa028aacdbd10d9bc73aab/numpy-2.4.4-cp314-cp314t-win_arm64.whl", hash = "sha256:ba203255017337d39f89bdd58417f03c4426f12beed0440cfd933cb15f8669c7", size = 10566643, upload-time = "2026-03-29T13:21:34.339Z" },
]

[[package]]
name = "pyparsing"
version = "3.3.2"
source = { registry = "https://pypi.org/simple" }
sdist = { url = "https://files.pythonhosted.org/packages/f3/91/9c6ee907786a473bf81c5f53cf703ba0957b23ab84c264080fb5a450416f/pyparsing-3.3.2.tar.gz", hash = "sha256:c777f4d763f140633dcb6d8a3eda953bf7a214dc4eff598413c070bcdc117cbc", size = 6851574, upload-time = "2026-01-21T03:57:59.36Z" }
wheels = [
    { url = "https://files.pythonhosted.org/packages/10/bd/c038d7cc38edc1aa5bf91ab8068b63d4308c66c4c8bb3cbba7dfbc049f9c/pyparsing-3.3.2-py3-none-any.whl", hash = "sha256:850ba148bd908d7e2411587e247a1e4f0327839c40e2e5e6d05a007ecc69911d", size = 122781, upload-time = "2026-01-21T03:57:55.912Z" },
]

[[package]]
name = "rasterio"
version = "1.5.0"
source = { registry = "https://pypi.org/simple" }
dependencies = [
    { name = "affine" },
    { name = "attrs" },
    { name = "certifi" },
    { name = "click" },
    { name = "cligj" },
    { name = "numpy" },
    { name = "pyparsing" },
]
sdist = { url = "https://files.pythonhosted.org/packages/f6/88/edb4b66b6cb2c13f123af5a3896bf70c0cbe73ab3cd4243cb4eb0212a0f6/rasterio-1.5.0.tar.gz", hash = "sha256:1e0ea56b02eea4989b36edf8e58a5a3ef40e1b7edcb04def2603accd5ab3ee7b", size = 452184, upload-time = "2026-01-05T16:06:47.169Z" }
wheels = [
    { url = "https://files.pythonhosted.org/packages/42/87/42865a77cebf2e524d27b6afc71db48984799ecd1dbe6a213d4713f42f5f/rasterio-1.5.0-cp313-cp313-macosx_14_0_arm64.whl", hash = "sha256:e7b25b0a19975ccd511e507e6de45b0a2d8fb6802abe49bb726cf48588e34833", size = 22776107, upload-time = "2026-01-05T16:05:36.967Z" },
    { url = "https://files.pythonhosted.org/packages/6a/53/e81683fbbfdf04e019e68b042d9cff8524b0571aa80e4f4d81c373c31a49/rasterio-1.5.0-cp313-cp313-macosx_15_0_x86_64.whl", hash = "sha256:1162c18eaece9f6d2aa1c2ff6b373b99651d93f113f24120a991eaebf28aa4f4", size = 24401477, upload-time = "2026-01-05T16:05:39.702Z" },
    { url = "https://files.pythonhosted.org/packages/bc/3c/6aa6e0690b18eea02a61739cb362a47c5df66138f0a02cc69e1181b964e5/rasterio-1.5.0-cp313-cp313-manylinux_2_28_aarch64.whl", hash = "sha256:8eb87fd6f843eea109f3df9bef83f741b053b716b0465932276e2c0577dfb929", size = 36018214, upload-time = "2026-01-05T16:05:42.741Z" },
    { url = "https://files.pythonhosted.org/packages/48/4a/1af9aa9810fb30668568f2c4dd3eec2412c8e9762b69201d971c509b295e/rasterio-1.5.0-cp313-cp313-manylinux_2_28_x86_64.whl", hash = "sha256:08a7580cbb9b3bd320bdf827e10c9b2424d0df066d8eef6f2feb37e154ce0c17", size = 37544972, upload-time = "2026-01-05T16:05:45.815Z" },
    { url = "https://files.pythonhosted.org/packages/01/62/bfe3408743c9837919ff232474a09ece9eaa88d4ee8c040711fa3dff6dad/rasterio-1.5.0-cp313-cp313-win_amd64.whl", hash = "sha256:d7d6729c0739b5ec48c33686668a30e27f5bdb361093f180ee7818ff19665547", size = 30140141, upload-time = "2026-01-05T16:05:48.751Z" },
    { url = "https://files.pythonhosted.org/packages/63/ca/e90e19a6d065a718cc3d468a12b9f015289ad17017656dea8c76f7318d1f/rasterio-1.5.0-cp313-cp313-win_arm64.whl", hash = "sha256:8af7c368c22f0a99d1259ccc5a5cd96c432c2bde6f132c1ac78508cd7445a745", size = 28498556, upload-time = "2026-01-05T16:05:51.334Z" },
    { url = "https://files.pythonhosted.org/packages/a0/ba/e37462d8c33bbbd6c152a0390ec6911a3d9614ded3d2bc6f6a48e147e833/rasterio-1.5.0-cp313-cp313t-macosx_14_0_arm64.whl", hash = "sha256:b4ccfcc8ed9400e4f14efdf2005533fcf72048748b727f85ff89b9291ecdf98a", size = 22920107, upload-time = "2026-01-05T16:05:53.773Z" },
    { url = "https://files.pythonhosted.org/packages/66/dc/7bfa9cf96ac39b451b2f94dfc584c223ec584c52c148df2e4bab60c3341b/rasterio-1.5.0-cp313-cp313t-macosx_15_0_x86_64.whl", hash = "sha256:2f57c36ca4d3c896f7024226bd71eeb5cd10c8183c2a94508534d78cc05ff9e7", size = 24508993, upload-time = "2026-01-05T16:05:57.062Z" },
    { url = "https://files.pythonhosted.org/packages/e5/55/7293743f3b69de4b726c67b8dc9da01fc194070b6becc51add4ca8a20a27/rasterio-1.5.0-cp313-cp313t-manylinux_2_28_aarch64.whl", hash = "sha256:cc1395475e4bb7032cd81dda4d5558061c4c7d5a50b1b5e146bdf9716d0b9353", size = 36565784, upload-time = "2026-01-05T16:06:00.019Z" },
    { url = "https://files.pythonhosted.org/packages/cf/ef/5354c47de16c6e289728c3a3d6961ffcf7a9ad6313aef7e8db5d6a40c46e/rasterio-1.5.0-cp313-cp313t-manylinux_2_28_x86_64.whl", hash = "sha256:592a485e2057b1aaeab4f843c9897628e60e3ff45e2509325c3e1479116599cb", size = 37686456, upload-time = "2026-01-05T16:06:02.772Z" },
    { url = "https://files.pythonhosted.org/packages/b7/fc/fe1f034b1acd1900d9fbd616826d001a3d5811f1d0c97c785f88f525853e/rasterio-1.5.0-cp313-cp313t-win_amd64.whl", hash = "sha256:0c739e70a72fb080f039ee1570c5d02b974dde32ded1a3216e1f13fe38ac4844", size = 30355842, upload-time = "2026-01-05T16:06:06.359Z" },
    { url = "https://files.pythonhosted.org/packages/e0/cb/4dee9697891c9c6474b240d00e27688e03ecd882d3c83cc97eb25c2266ff/rasterio-1.5.0-cp313-cp313t-win_arm64.whl", hash = "sha256:a3539a2f401a7b4b2e94ff2db334878c0e15a2d1c9fe90bb0879c52f89367ae5", size = 28589538, upload-time = "2026-01-05T16:06:09.662Z" },
    { url = "https://files.pythonhosted.org/packages/77/9f/f84dfa54110c1c82f9f4fd929465d12519569b6f5d015273aa0957013b2e/rasterio-1.5.0-cp314-cp314-macosx_14_0_arm64.whl", hash = "sha256:597be8df418d5ba7b6a927b6b9febfcb42b192882448a8d5b2e2e75a1296631f", size = 22788832, upload-time = "2026-01-05T16:06:12.247Z" },
    { url = "https://files.pythonhosted.org/packages/20/f1/de55255c918b17afd7292f793a3500c4aea7e9530b2b3f5b3a57836c7d49/rasterio-1.5.0-cp314-cp314-macosx_15_0_x86_64.whl", hash = "sha256:dd292030d39d685c0b35eddef233e7f1cb8b43052578a3ec97a2da57799693be", size = 24405917, upload-time = "2026-01-05T16:06:14.603Z" },
    { url = "https://files.pythonhosted.org/packages/a9/57/054087a9d5011ad5dfa799277ba8814e41775e1967d37a59ab7b8e2f1876/rasterio-1.5.0-cp314-cp314-manylinux_2_28_aarch64.whl", hash = "sha256:62c3f97a3c72643c74f2d0f310621a09c35c0c412229c327ae6bcc1ee4b9c3bc", size = 35987536, upload-time = "2026-01-05T16:06:17.707Z" },
    { url = "https://files.pythonhosted.org/packages/c9/72/5fbe5f67ae75d7e89ffb718c500d5fecbaa84f6ba354db306de689faf961/rasterio-1.5.0-cp314-cp314-manylinux_2_28_x86_64.whl", hash = "sha256:19577f0f0c5f1158af47b57f73356961cbd1782a5f6ae6f3adf6f2650f4eb369", size = 37408048, upload-time = "2026-01-05T16:06:20.82Z" },
    { url = "https://files.pythonhosted.org/packages/c4/3e/0c4ef19980204bdcbc8f9e084056adebc97916ff4edcc718750ef34e5bf9/rasterio-1.5.0-cp314-cp314-win_amd64.whl", hash = "sha256:015c1ab6e5453312c5e29692752e7ad73568fe4d13567cbd448d7893128cbd2d", size = 30949590, upload-time = "2026-01-05T16:06:23.425Z" },
    { url = "https://files.pythonhosted.org/packages/c2/d8/2e6b81505408926c00e629d7d3d73fd0454213201bd9907450e0fe82f3dd/rasterio-1.5.0-cp314-cp314-win_arm64.whl", hash = "sha256:ff677c0a9d3ba667c067227ef2b76872488b37ff29b061bc3e576fad9baa3286", size = 29337287, upload-time = "2026-01-05T16:06:26.599Z" },
    { url = "https://files.pythonhosted.org/packages/19/49/7b6e6afb28d4e3f69f2229f990ed87dfdc21a3e15ca63b96b2fd9ba17d89/rasterio-1.5.0-cp314-cp314t-macosx_14_0_arm64.whl", hash = "sha256:508251b9c746d8d008771a30c2160ff321bfc3b41f6a1aa8e8ef1dd4a00d97ba", size = 22926149, upload-time = "2026-01-05T16:06:29.617Z" },
    { url = "https://files.pythonhosted.org/packages/24/30/19345d8bc7d2b96c1172594026b9009702e9ab9f0baf07079d3612aaadae/rasterio-1.5.0-cp314-cp314t-macosx_15_0_x86_64.whl", hash = "sha256:742841ed48bc70f6ef517b8fa3521f231780bf408fde0aa6d73770337a36374e", size = 24516040, upload-time = "2026-01-05T16:06:32.964Z" },
    { url = "https://files.pythonhosted.org/packages/9e/43/dc7a4518fa78904bc41952cbf346c3c2a88a20e61b479154058392914c0b/rasterio-1.5.0-cp314-cp314t-manylinux_2_28_aarch64.whl", hash = "sha256:c9a9eee49ce9410c2f352b34c370bb3a96bb518b6a7f97b3a72ee4c835fd4b5c", size = 36589519, upload-time = "2026-01-05T16:06:35.922Z" },
    { url = "https://files.pythonhosted.org/packages/8f/f2/8f706083c6c163054d12c7ed6d5ac4e4ed02252b761288d74e6158871b34/rasterio-1.5.0-cp314-cp314t-manylinux_2_28_x86_64.whl", hash = "sha256:b9fd87a0b63ab5c6267dfb0bc96f54fdf49d000651b9ee85ed37798141cff046", size = 37714599, upload-time = "2026-01-05T16:06:38.818Z" },
    { url = "https://files.pythonhosted.org/packages/a6/d5/bbca726d5fea5864f7e4bcf3ee893095369e93ad51120495e8c40e2aa1a0/rasterio-1.5.0-cp314-cp314t-win_amd64.whl", hash = "sha256:f459db8953ba30ca04fcef2b5e1260eeeff0eae8158bd9c3d6adbe56289765cc", size = 31233931, upload-time = "2026-01-05T16:06:42.208Z" },
    { url = "https://files.pythonhosted.org/packages/6e/d1/8b017856e63ccaff3cbd0e82490dbb01363a42f3a462a41b1d8a391e1443/rasterio-1.5.0-cp314-cp314t-win_arm64.whl", hash = "sha256:f4b9c2c3b5f10469eb9588f105086e68f0279e62cc9095c4edd245e3f9b88c8a", size = 29418321, upload-time = "2026-01-05T16:06:44.758Z" },
]
